# This file is automatically @generated by Poetry 1.4.2 and should not be changed by hand.

[[package]]
name = "adafruit-blinka"
version = "8.22.0"
description = "CircuitPython APIs for non-CircuitPython versions of Python such as CPython on Linux and MicroPython."
category = "main"
optional = false
python-versions = ">=3.7.0"
files = [
    {file = "Adafruit-Blinka-8.22.0.tar.gz", hash = "sha256:806c55847dacbb15f0d77c44a9edba6fce2bee4824c40aff5137aa70ab8da7f8"},
    {file = "Adafruit_Blinka-8.22.0-py3-none-any.whl", hash = "sha256:bf5c38b01732058a63dd243ffda3305f1ef70c2e2732471d4653392a416e2633"},
]

[package.dependencies]
adafruit-circuitpython-typing = "*"
Adafruit-PlatformDetect = ">=3.52.0"
Adafruit-PureIO = ">=1.1.7"
pyftdi = ">=0.40.0"

[[package]]
name = "adafruit-circuitpython-bitbangio"
version = "1.3.11"
description = "A library for adding bitbang I2C and SPI to CircuitPython without the built-in bitbangio module"
category = "main"
optional = false
python-versions = "*"
files = [
    {file = "adafruit-circuitpython-bitbangio-1.3.11.tar.gz", hash = "sha256:acf6479eb5fdff90f7a6e83c95695d74bd654d2f225dfe5649d16798173251a6"},
    {file = "adafruit_circuitpython_bitbangio-1.3.11-py3-none-any.whl", hash = "sha256:6c93e39336492c29b1ff1c9af5101daaebeff39f334a0b918307cfee0200c566"},
]

[package.dependencies]
Adafruit-Blinka = "*"
typing-extensions = ">=4.0,<5.0"

[[package]]
name = "adafruit-circuitpython-busdevice"
version = "5.2.6"
description = "CircuitPython bus device classes to manage bus sharing."
category = "main"
optional = false
python-versions = "*"
files = [
    {file = "adafruit-circuitpython-busdevice-5.2.6.tar.gz", hash = "sha256:ed06f5552e5567b0c89589c5bc6ef3adcac67d59eb505ce9127af99f33c2bc90"},
    {file = "adafruit_circuitpython_busdevice-5.2.6-py3-none-any.whl", hash = "sha256:9f25577843f0a338a0936a1b57436f4451f7783b38e3cf46160b6be78faeaa44"},
]

[package.dependencies]
Adafruit-Blinka = ">=7.0.0"
adafruit-circuitpython-typing = "*"

[[package]]
name = "adafruit-circuitpython-requests"
version = "2.0.1"
description = "A requests-like library for web interfacing"
category = "main"
optional = false
python-versions = "*"
files = [
    {file = "adafruit-circuitpython-requests-2.0.1.tar.gz", hash = "sha256:904bf113261ce78eaeebb7cf5209db318cec073a93c3aeeccac36606d842b6d7"},
    {file = "adafruit_circuitpython_requests-2.0.1-py3-none-any.whl", hash = "sha256:6fa26dd0eefd2a2df7cc4ddf38cf0fdf1c3307ba95a9ed0255d5559f1d28bd44"},
]

[package.dependencies]
Adafruit-Blinka = "*"

[[package]]
name = "adafruit-circuitpython-typing"
version = "1.9.4"
description = "Types needed for type annotation that are not in `typing`"
category = "main"
optional = false
python-versions = "*"
files = [
    {file = "adafruit-circuitpython-typing-1.9.4.tar.gz", hash = "sha256:75e41d8587915c2eee864586d37e468e2e6297a327b8a9d44422dfec5fbdd5bb"},
    {file = "adafruit_circuitpython_typing-1.9.4-py3-none-any.whl", hash = "sha256:fd76b076e3aefd78cd463d5cbdd6a8422f781ea69b2e6c6d6171173e1b3e8c99"},
]

[package.dependencies]
Adafruit-Blinka = "*"
adafruit-circuitpython-busdevice = "*"
adafruit-circuitpython-requests = "*"
typing-extensions = ">=4.0,<5.0"

[[package]]
name = "adafruit-platformdetect"
version = "3.52.0"
description = "Platform detection for use by libraries like Adafruit-Blinka."
category = "main"
optional = false
python-versions = "*"
files = [
    {file = "Adafruit-PlatformDetect-3.52.0.tar.gz", hash = "sha256:472740c88cd645543eff10953ed6781d0ede087f1cc5e1d6d578c4ba95a502a7"},
    {file = "Adafruit_PlatformDetect-3.52.0-py3-none-any.whl", hash = "sha256:0e85481fb3939e530470eb7759c81dc8559e0a3ad06faffc2c325cc695235f1e"},
]

[[package]]
name = "adafruit-pureio"
version = "1.1.11"
description = "Pure python (i.e. no native extensions) access to Linux IO    including I2C and SPI. Drop in replacement for smbus and spidev modules."
category = "main"
optional = false
python-versions = ">=3.5.0"
files = [
    {file = "Adafruit_PureIO-1.1.11-py3-none-any.whl", hash = "sha256:281ab2099372cc0decc26326918996cbf21b8eed694ec4764d51eefa029d324e"},
    {file = "Adafruit_PureIO-1.1.11.tar.gz", hash = "sha256:c4cfbb365731942d1f1092a116f47dfdae0aef18c5b27f1072b5824ad5ea8c7c"},
]

[[package]]
name = "apa102-pi"
version = "2.5.1"
description = "Driver for APA102 LEDs on a Raspberry Pi"
category = "main"
optional = false
python-versions = ">3"
files = [
    {file = "apa102-pi-2.5.1.tar.gz", hash = "sha256:9ad5e2f62701568e791deae46ec44ed40767c96b5f5cd342d455f8510631fd62"},
    {file = "apa102_pi-2.5.1-py3-none-any.whl", hash = "sha256:6b37077d921b6789ec3aef173452149ab1aafec5d465a27fa43c544fc5b8fa96"},
]

[package.dependencies]
adafruit-circuitpython-bitbangio = "*"
adafruit-circuitpython-busdevice = "*"

[[package]]
name = "pyftdi"
version = "0.55.0"
description = "FTDI device driver (pure Python)"
category = "main"
optional = false
python-versions = ">=3.8"
files = [
    {file = "pyftdi-0.55.0-py3-none-any.whl", hash = "sha256:6af7b6c73da1256fd5140076fe77a616c13e44dd0779dd561dac1b5981dbd43f"},
    {file = "pyftdi-0.55.0.tar.gz", hash = "sha256:a747bbbccc4eeea26cefa2c8bd3d2b8bef8c94ecb6969bb9c75a63640887519a"},
]

[package.dependencies]
pyserial = ">=3.0"
pyusb = ">=1.0.0,<1.2.0 || >1.2.0"

[[package]]
name = "pyserial"
version = "3.5"
description = "Python Serial Port Extension"
category = "main"
optional = false
python-versions = "*"
files = [
    {file = "pyserial-3.5-py2.py3-none-any.whl", hash = "sha256:c4451db6ba391ca6ca299fb3ec7bae67a5c55dde170964c7a14ceefec02f2cf0"},
    {file = "pyserial-3.5.tar.gz", hash = "sha256:3c77e014170dfffbd816e6ffc205e9842efb10be9f58ec16d3e8675b4925cddb"},
]

[package.extras]
cp2110 = ["hidapi"]

[[package]]
name = "pyusb"
version = "1.2.1"
description = "Python USB access module"
category = "main"
optional = false
python-versions = ">=3.6.0"
files = [
    {file = "pyusb-1.2.1-py3-none-any.whl", hash = "sha256:2b4c7cb86dbadf044dfb9d3a4ff69fd217013dbe78a792177a3feb172449ea36"},
    {file = "pyusb-1.2.1.tar.gz", hash = "sha256:a4cc7404a203144754164b8b40994e2849fde1cfff06b08492f12fff9d9de7b9"},
]

[[package]]
name = "typing-extensions"
version = "4.7.1"
description = "Backported and Experimental Type Hints for Python 3.7+"
category = "main"
optional = false
python-versions = ">=3.7"
files = [
    {file = "typing_extensions-4.7.1-py3-none-any.whl", hash = "sha256:440d5dd3af93b060174bf433bccd69b0babc3b15b1a8dca43789fd7f61514b36"},
    {file = "typing_extensions-4.7.1.tar.gz", hash = "sha256:b75ddc264f0ba5615db7ba217daeb99701ad295353c45f9e95963337ceeeffb2"},
]

[metadata]
lock-version = "2.0"
python-versions = "^3.11"
content-hash = "80d3fd3f790b9fb045632353600ef074a1fbe5b59d0eeee2cadb572979eed755"
